
Microsoft Visual Studio Solution File, Format Version 12.00
# Visual Studio Version 16
VisualStudioVersion = 16.0.31410.357
MinimumVisualStudioVersion = 10.0.40219.1
Project("{FAE04EC0-301F-11D3-BF4B-00C04F79EFBC}") = "Veda_Client", "Veda_Client\Veda_Client.csproj", "{DF78DD59-1878-4FEA-A202-1D39C4853435}"
EndProject
Project("{FAE04EC0-301F-11D3-BF4B-00C04F79EFBC}") = "Test", "Test\Test.csproj", "{29DE8119-59B5-4CC0-BF75-51603A6EFF58}"
EndProject
Global
	GlobalSection(SolutionConfigurationPlatforms) = preSolution
		Debug|Any CPU = Debug|Any CPU
		Release|Any CPU = Release|Any CPU
	EndGlobalSection
	GlobalSection(ProjectConfigurationPlatforms) = postSolution
		{DF78DD59-1878-4FEA-A202-1D39C4853435}.Debug|Any CPU.ActiveCfg = Debug|Any CPU
		{DF78DD59-1878-4FEA-A202-1D39C4853435}.Debug|Any CPU.Build.0 = Debug|Any CPU
		{DF78DD59-1878-4FEA-A202-1D39C4853435}.Release|Any CPU.ActiveCfg = Release|Any CPU
		{DF78DD59-1878-4FEA-A202-1D39C4853435}.Release|Any CPU.Build.0 = Release|Any CPU
		{29DE8119-59B5-4CC0-BF75-51603A6EFF58}.Debug|Any CPU.ActiveCfg = Debug|Any CPU
		{29DE8119-59B5-4CC0-BF75-51603A6EFF58}.Debug|Any CPU.Build.0 = Debug|Any CPU
		{29DE8119-59B5-4CC0-BF75-51603A6EFF58}.Release|Any CPU.ActiveCfg = Release|Any CPU
		{29DE8119-59B5-4CC0-BF75-51603A6EFF58}.Release|Any CPU.Build.0 = Release|Any CPU
	EndGlobalSection
	GlobalSection(SolutionProperties) = preSolution
		HideSolutionNode = FALSE
	EndGlobalSection
	GlobalSection(ExtensibilityGlobals) = postSolution
		SolutionGuid = {47DB1A9E-8518-4CAA-A4F5-88F3E0161CC5}
	EndGlobalSection
EndGlobal
